
Microsoft Visual Studio Solution File, Format Version 12.00
# Visual Studio Version 16
VisualStudioVersion = 16.0.29709.97
MinimumVisualStudioVersion = 10.0.40219.1
Project("{FAE04EC0-301F-11D3-BF4B-00C04F79EFBC}") = "ExpenseTracker.FormsApp", "ExpenseTracker\ExpenseTracker.FormsApp.csproj", "{8564130E-5BAC-4D98-89DD-D61261A44A68}"
EndProject
Project("{FAE04EC0-301F-11D3-BF4B-00C04F79EFBC}") = "ExpenseTracker.DataAccess", "ExpenseTracker.DataAccess\ExpenseTracker.DataAccess.csproj", "{EFA13C66-DE4A-4B12-A2F8-A07F9BEE036A}"
EndProject
Global
	GlobalSection(SolutionConfigurationPlatforms) = preSolution
		Debug|Any CPU = Debug|Any CPU
		Release|Any CPU = Release|Any CPU
	EndGlobalSection
	GlobalSection(ProjectConfigurationPlatforms) = postSolution
		{8564130E-5BAC-4D98-89DD-D61261A44A68}.Debug|Any CPU.ActiveCfg = Debug|Any CPU
		{8564130E-5BAC-4D98-89DD-D61261A44A68}.Debug|Any CPU.Build.0 = Debug|Any CPU
		{8564130E-5BAC-4D98-89DD-D61261A44A68}.Release|Any CPU.ActiveCfg = Release|Any CPU
		{8564130E-5BAC-4D98-89DD-D61261A44A68}.Release|Any CPU.Build.0 = Release|Any CPU
		{EFA13C66-DE4A-4B12-A2F8-A07F9BEE036A}.Debug|Any CPU.ActiveCfg = Debug|Any CPU
		{EFA13C66-DE4A-4B12-A2F8-A07F9BEE036A}.Debug|Any CPU.Build.0 = Debug|Any CPU
		{EFA13C66-DE4A-4B12-A2F8-A07F9BEE036A}.Release|Any CPU.ActiveCfg = Release|Any CPU
		{EFA13C66-DE4A-4B12-A2F8-A07F9BEE036A}.Release|Any CPU.Build.0 = Release|Any CPU
	EndGlobalSection
	GlobalSection(SolutionProperties) = preSolution
		HideSolutionNode = FALSE
	EndGlobalSection
	GlobalSection(ExtensibilityGlobals) = postSolution
		SolutionGuid = {AE4740D5-5A4A-43C1-A9A5-23192F793C15}
	EndGlobalSection
EndGlobal
